
Microsoft Visual Studio Solution File, Format Version 12.00
# Visual Studio Version 16
VisualStudioVersion = 16.0.30204.135
MinimumVisualStudioVersion = 10.0.40219.1
Project("{FAE04EC0-301F-11D3-BF4B-00C04F79EFBC}") = "ImpSoft.OctopusEnergy", "ImpSoft.OctopusEnergy\ImpSoft.OctopusEnergy.csproj", "{6C616E4E-25F6-4801-B2C6-C355883A83D8}"
EndProject
Global
	GlobalSection(SolutionConfigurationPlatforms) = preSolution
		Debug|Any CPU = Debug|Any CPU
		Release|Any CPU = Release|Any CPU
	EndGlobalSection
	GlobalSection(ProjectConfigurationPlatforms) = postSolution
		{6C616E4E-25F6-4801-B2C6-C355883A83D8}.Debug|Any CPU.ActiveCfg = Debug|Any CPU
		{6C616E4E-25F6-4801-B2C6-C355883A83D8}.Debug|Any CPU.Build.0 = Debug|Any CPU
		{6C616E4E-25F6-4801-B2C6-C355883A83D8}.Release|Any CPU.ActiveCfg = Release|Any CPU
		{6C616E4E-25F6-4801-B2C6-C355883A83D8}.Release|Any CPU.Build.0 = Release|Any CPU
	EndGlobalSection
	GlobalSection(SolutionProperties) = preSolution
		HideSolutionNode = FALSE
	EndGlobalSection
	GlobalSection(ExtensibilityGlobals) = postSolution
		SolutionGuid = {DA76284B-564D-47B0-9140-562576741A34}
	EndGlobalSection
EndGlobal
