
Microsoft Visual Studio Solution File, Format Version 12.00
# Visual Studio Version 16
VisualStudioVersion = 16.0.30204.135
MinimumVisualStudioVersion = 10.0.40219.1
Project("{9A19103F-16F7-4668-BE54-9A1E7A4F7556}") = "ImpSoft.OctopusEnergy.Api", "ImpSoft.OctopusEnergy.Api\ImpSoft.OctopusEnergy.Api.csproj", "{7F5C467D-D892-4542-80AF-DEC0017E2B95}"
EndProject
Project("{9A19103F-16F7-4668-BE54-9A1E7A4F7556}") = "ImpSoft.OctopusEnergy.Api.Tests", "ImpSoft.OctopusEnergy.Api.Tests\ImpSoft.OctopusEnergy.Api.Tests.csproj", "{362ED563-7F0D-46D0-A781-DDA1330510CA}"
EndProject
Global
	GlobalSection(SolutionConfigurationPlatforms) = preSolution
		Debug|Any CPU = Debug|Any CPU
		Release|Any CPU = Release|Any CPU
	EndGlobalSection
	GlobalSection(ProjectConfigurationPlatforms) = postSolution
		{7F5C467D-D892-4542-80AF-DEC0017E2B95}.Debug|Any CPU.ActiveCfg = Debug|Any CPU
		{7F5C467D-D892-4542-80AF-DEC0017E2B95}.Debug|Any CPU.Build.0 = Debug|Any CPU
		{7F5C467D-D892-4542-80AF-DEC0017E2B95}.Release|Any CPU.ActiveCfg = Release|Any CPU
		{7F5C467D-D892-4542-80AF-DEC0017E2B95}.Release|Any CPU.Build.0 = Release|Any CPU
		{362ED563-7F0D-46D0-A781-DDA1330510CA}.Debug|Any CPU.ActiveCfg = Debug|Any CPU
		{362ED563-7F0D-46D0-A781-DDA1330510CA}.Debug|Any CPU.Build.0 = Debug|Any CPU
		{362ED563-7F0D-46D0-A781-DDA1330510CA}.Release|Any CPU.ActiveCfg = Release|Any CPU
		{362ED563-7F0D-46D0-A781-DDA1330510CA}.Release|Any CPU.Build.0 = Release|Any CPU
	EndGlobalSection
	GlobalSection(SolutionProperties) = preSolution
		HideSolutionNode = FALSE
	EndGlobalSection
	GlobalSection(ExtensibilityGlobals) = postSolution
		SolutionGuid = {DA76284B-564D-47B0-9140-562576741A34}
	EndGlobalSection
EndGlobal
